
Microsoft Visual Studio Solution File, Format Version 12.00
# Visual Studio 15
Project("{FAE04EC0-301F-11D3-BF4B-00C04F79EFBC}") = "Assembly-CSharp", "Assembly-CSharp.csproj", "{F989B384-C1FE-F759-C834-9FF09A61D9FA}"
EndProject
Project("{FAE04EC0-301F-11D3-BF4B-00C04F79EFBC}") = "Assembly-CSharp-Editor", "Assembly-CSharp-Editor.csproj", "{538897E5-0172-F7FB-B387-8899E0115C61}"
EndProject
Global
	GlobalSection(SolutionConfigurationPlatforms) = preSolution
		Debug|Any CPU = Debug|Any CPU
		Release|Any CPU = Release|Any CPU
	EndGlobalSection
	GlobalSection(ProjectConfigurationPlatforms) = postSolution
		{F989B384-C1FE-F759-C834-9FF09A61D9FA}.Debug|Any CPU.ActiveCfg = Debug|Any CPU
		{F989B384-C1FE-F759-C834-9FF09A61D9FA}.Debug|Any CPU.Build.0 = Debug|Any CPU
		{F989B384-C1FE-F759-C834-9FF09A61D9FA}.Release|Any CPU.ActiveCfg = Release|Any CPU
		{F989B384-C1FE-F759-C834-9FF09A61D9FA}.Release|Any CPU.Build.0 = Release|Any CPU
		{538897E5-0172-F7FB-B387-8899E0115C61}.Debug|Any CPU.ActiveCfg = Debug|Any CPU
		{538897E5-0172-F7FB-B387-8899E0115C61}.Debug|Any CPU.Build.0 = Debug|Any CPU
		{538897E5-0172-F7FB-B387-8899E0115C61}.Release|Any CPU.ActiveCfg = Release|Any CPU
		{538897E5-0172-F7FB-B387-8899E0115C61}.Release|Any CPU.Build.0 = Release|Any CPU
	EndGlobalSection
	GlobalSection(SolutionProperties) = preSolution
		HideSolutionNode = FALSE
	EndGlobalSection
EndGlobal
